
Microsoft Visual Studio Solution File, Format Version 12.00
# Visual Studio Version 17
VisualStudioVersion = 17.1.32421.90
MinimumVisualStudioVersion = 10.0.40219.1
Project("{FAE04EC0-301F-11D3-BF4B-00C04F79EFBC}") = "RestApiWithCore-5", "RestApiWithCore-5.csproj", "{3FB26AC1-F177-41D7-80B5-08F79FB755C6}"
EndProject
Global
	GlobalSection(SolutionConfigurationPlatforms) = preSolution
		Debug|Any CPU = Debug|Any CPU
		Release|Any CPU = Release|Any CPU
	EndGlobalSection
	GlobalSection(ProjectConfigurationPlatforms) = postSolution
		{3FB26AC1-F177-41D7-80B5-08F79FB755C6}.Debug|Any CPU.ActiveCfg = Debug|Any CPU
		{3FB26AC1-F177-41D7-80B5-08F79FB755C6}.Debug|Any CPU.Build.0 = Debug|Any CPU
		{3FB26AC1-F177-41D7-80B5-08F79FB755C6}.Release|Any CPU.ActiveCfg = Release|Any CPU
		{3FB26AC1-F177-41D7-80B5-08F79FB755C6}.Release|Any CPU.Build.0 = Release|Any CPU
	EndGlobalSection
	GlobalSection(SolutionProperties) = preSolution
		HideSolutionNode = FALSE
	EndGlobalSection
	GlobalSection(ExtensibilityGlobals) = postSolution
		SolutionGuid = {80C3336B-9051-49A7-AE78-023FE4B1B149}
	EndGlobalSection
EndGlobal
